{
  "name": "Shoes Website",
  "lockfileVersion": 3,
  "requires": true,
  "packages": {
    "": {
      "dependencies": {
        "JSON": "^1.0.0"
      }
    },
    "node_modules/JSON": {
      "version": "1.0.0",
      "resolved": "https://registry.npmjs.org/JSON/-/JSON-1.0.0.tgz",
      "integrity": "sha512-6RRYTno2eOUQGPZGboY1p860SC36j0AjiaxghkwuofYSTyD2+XE0Iq13US1by0NiuTEqLyZkXctuvkqFXvE9tA==",
      "engines": {
        "node": ">= 0.2.0"
      }
    }
  }
}
